// !$*UTF8*$!
{
	archiveVersion = 1;
	classes = {
	};
	objectVersion = 50;
	objects = {

/* Begin PBXBuildFile section */
		C0B5D57D221A9CF10083B7EA /* AppDelegate.swift in Sources */ = {isa = PBXBuildFile; fileRef = C0B5D57C221A9CF10083B7EA /* AppDelegate.swift */; };
		C0B5D57F221A9CF10083B7EA /* ViewController.swift in Sources */ = {isa = PBXBuildFile; fileRef = C0B5D57E221A9CF10083B7EA /* ViewController.swift */; };
		C0B5D581221A9CF30083B7EA /* Assets.xcassets in Resources */ = {isa = PBXBuildFile; fileRef = C0B5D580221A9CF30083B7EA /* Assets.xcassets */; };
		C0B5D584221A9CF30083B7EA /* Main.storyboard in Resources */ = {isa = PBXBuildFile; fileRef = C0B5D582221A9CF30083B7EA /* Main.storyboard */; };
		C0B5D58D221AC4F00083B7EA /* FontsDisplayViewController.swift in Sources */ = {isa = PBXBuildFile; fileRef = C0B5D58C221AC4F00083B7EA /* FontsDisplayViewController.swift */; };
/* End PBXBuildFile section */

/* Begin PBXFileReference section */
		C0B5D579221A9CF00083B7EA /* Font Viewer.app */ = {isa = PBXFileReference; explicitFileType = wrapper.application; includeInIndex = 0; path = "Font Viewer.app"; sourceTree = BUILT_PRODUCTS_DIR; };
		C0B5D57C221A9CF10083B7EA /* AppDelegate.swift */ = {isa = PBXFileReference; lastKnownFileType = sourcecode.swift; path = AppDelegate.swift; sourceTree = "<group>"; };
		C0B5D57E221A9CF10083B7EA /* ViewController.swift */ = {isa = PBXFileReference; lastKnownFileType = sourcecode.swift; path = ViewController.swift; sourceTree = "<group>"; };
		C0B5D580221A9CF30083B7EA /* Assets.xcassets */ = {isa = PBXFileReference; lastKnownFileType = folder.assetcatalog; path = Assets.xcassets; sourceTree = "<group>"; };
		C0B5D583221A9CF30083B7EA /* Base */ = {isa = PBXFileReference; lastKnownFileType = file.storyboard; name = Base; path = Base.lproj/Main.storyboard; sourceTree = "<group>"; };
		C0B5D585221A9CF30083B7EA /* Info.plist */ = {isa = PBXFileReference; lastKnownFileType = text.plist.xml; path = Info.plist; sourceTree = "<group>"; };
		C0B5D586221A9CF30083B7EA /* Font_Viewer.entitlements */ = {isa = PBXFileReference; lastKnownFileType = text.plist.entitlements; path = Font_Viewer.entitlements; sourceTree = "<group>"; };
		C0B5D58C221AC4F00083B7EA /* FontsDisplayViewController.swift */ = {isa = PBXFileReference; lastKnownFileType = sourcecode.swift; path = FontsDisplayViewController.swift; sourceTree = "<group>"; };
/* End PBXFileReference section */

/* Begin PBXFrameworksBuildPhase section */
		C0B5D576221A9CF00083B7EA /* Frameworks */ = {
			isa = PBXFrameworksBuildPhase;
			buildActionMask = 2147483647;
			files = (
			);
			runOnlyForDeploymentPostprocessing = 0;
		};
/* End PBXFrameworksBuildPhase section */

/* Begin PBXGroup section */
		C0B5D570221A9CF00083B7EA = {
			isa = PBXGroup;
			children = (
				C0B5D57B221A9CF00083B7EA /* Font Viewer */,
				C0B5D57A221A9CF00083B7EA /* Products */,
			);
			sourceTree = "<group>";
		};
		C0B5D57A221A9CF00083B7EA /* Products */ = {
			isa = PBXGroup;
			children = (
				C0B5D579221A9CF00083B7EA /* Font Viewer.app */,
			);
			name = Products;
			sourceTree = "<group>";
		};
		C0B5D57B221A9CF00083B7EA /* Font Viewer */ = {
			isa = PBXGroup;
			children = (
				C0B5D57C221A9CF10083B7EA /* AppDelegate.swift */,
				C0B5D57E221A9CF10083B7EA /* ViewController.swift */,
				C0B5D58C221AC4F00083B7EA /* FontsDisplayViewController.swift */,
				C0B5D580221A9CF30083B7EA /* Assets.xcassets */,
				C0B5D582221A9CF30083B7EA /* Main.storyboard */,
				C0B5D585221A9CF30083B7EA /* Info.plist */,
				C0B5D586221A9CF30083B7EA /* Font_Viewer.entitlements */,
			);
			path = "Font Viewer";
			sourceTree = "<group>";
		};
/* End PBXGroup section */

/* Begin PBXNativeTarget section */
		C0B5D578221A9CF00083B7EA /* Font Viewer */ = {
			isa = PBXNativeTarget;
			buildConfigurationList = C0B5D589221A9CF30083B7EA /* Build configuration list for PBXNativeTarget "Font Viewer" */;
			buildPhases = (
				C0B5D575221A9CF00083B7EA /* Sources */,
				C0B5D576221A9CF00083B7EA /* Frameworks */,
				C0B5D577221A9CF00083B7EA /* Resources */,
			);
			buildRules = (
			);
			dependencies = (
			);
			name = "Font Viewer";
			productName = "Font Viewer";
			productReference = C0B5D579221A9CF00083B7EA /* Font Viewer.app */;
			productType = "com.apple.product-type.application";
		};
/* End PBXNativeTarget section */

/* Begin PBXProject section */
		C0B5D571221A9CF00083B7EA /* Project object */ = {
			isa = PBXProject;
			attributes = {
				LastSwiftUpdateCheck = 1010;
				LastUpgradeCheck = 1010;
				ORGANIZATIONNAME = Appcoda;
				TargetAttributes = {
					C0B5D578221A9CF00083B7EA = {
						CreatedOnToolsVersion = 10.1;
					};
				};
			};
			buildConfigurationList = C0B5D574221A9CF00083B7EA /* Build configuration list for PBXProject "Font Viewer" */;
			compatibilityVersion = "Xcode 9.3";
			developmentRegion = en;
			hasScannedForEncodings = 0;
			knownRegions = (
				en,
				Base,
			);
			mainGroup = C0B5D570221A9CF00083B7EA;
			productRefGroup = C0B5D57A221A9CF00083B7EA /* Products */;
			projectDirPath = "";
			projectRoot = "";
			targets = (
				C0B5D578221A9CF00083B7EA /* Font Viewer */,
			);
		};
/* End PBXProject section */

/* Begin PBXResourcesBuildPhase section */
		C0B5D577221A9CF00083B7EA /* Resources */ = {
			isa = PBXResourcesBuildPhase;
			buildActionMask = 2147483647;
			files = (
				C0B5D581221A9CF30083B7EA /* Assets.xcassets in Resources */,
				C0B5D584221A9CF30083B7EA /* Main.storyboard in Resources */,
			);
			runOnlyForDeploymentPostprocessing = 0;
		};
/* End PBXResourcesBuildPhase section */

/* Begin PBXSourcesBuildPhase section */
		C0B5D575221A9CF00083B7EA /* Sources */ = {
			isa = PBXSourcesBuildPhase;
			buildActionMask = 2147483647;
			files = (
				C0B5D57F221A9CF10083B7EA /* ViewController.swift in Sources */,
				C0B5D58D221AC4F00083B7EA /* FontsDisplayViewController.swift in Sources */,
				C0B5D57D221A9CF10083B7EA /* AppDelegate.swift in Sources */,
			);
			runOnlyForDeploymentPostprocessing = 0;
		};
/* End PBXSourcesBuildPhase section */

/* Begin PBXVariantGroup section */
		C0B5D582221A9CF30083B7EA /* Main.storyboard */ = {
			isa = PBXVariantGroup;
			children = (
				C0B5D583221A9CF30083B7EA /* Base */,
			);
			name = Main.storyboard;
			sourceTree = "<group>";
		};
/* End PBXVariantGroup section */

/* Begin XCBuildConfiguration section */
		C0B5D587221A9CF30083B7EA /* Debug */ = {
			isa = XCBuildConfiguration;
			buildSettings = {
				ALWAYS_SEARCH_USER_PATHS = NO;
				CLANG_ANALYZER_NONNULL = YES;
				CLANG_ANALYZER_NUMBER_OBJECT_CONVERSION = YES_AGGRESSIVE;
				CLANG_CXX_LANGUAGE_STANDARD = "gnu++14";
				CLANG_CXX_LIBRARY = "libc++";
				CLANG_ENABLE_MODULES = YES;
				CLANG_ENABLE_OBJC_ARC = YES;
				CLANG_ENABLE_OBJC_WEAK = YES;
				CLANG_WARN_BLOCK_CAPTURE_AUTORELEASING = YES;
				CLANG_WARN_BOOL_CONVERSION = YES;
				CLANG_WARN_COMMA = YES;
				CLANG_WARN_CONSTANT_CONVERSION = YES;
				CLANG_WARN_DEPRECATED_OBJC_IMPLEMENTATIONS = YES;
				CLANG_WARN_DIRECT_OBJC_ISA_USAGE = YES_ERROR;
				CLANG_WARN_DOCUMENTATION_COMMENTS = YES;
				CLANG_WARN_EMPTY_BODY = YES;
				CLANG_WARN_ENUM_CONVERSION = YES;
				CLANG_WARN_INFINITE_RECURSION = YES;
				CLANG_WARN_INT_CONVERSION = YES;
				CLANG_WARN_NON_LITERAL_NULL_CONVERSION = YES;
				CLANG_WARN_OBJC_IMPLICIT_RETAIN_SELF = YES;
				CLANG_WARN_OBJC_LITERAL_CONVERSION = YES;
				CLANG_WARN_OBJC_ROOT_CLASS = YES_ERROR;
				CLANG_WARN_RANGE_LOOP_ANALYSIS = YES;
				CLANG_WARN_STRICT_PROTOTYPES = YES;
				CLANG_WARN_SUSPICIOUS_MOVE = YES;
				CLANG_WARN_UNGUARDED_AVAILABILITY = YES_AGGRESSIVE;
				CLANG_WARN_UNREACHABLE_CODE = YES;
				CLANG_WARN__DUPLICATE_METHOD_MATCH = YES;
				CODE_SIGN_IDENTITY = "Mac Developer";
				COPY_PHASE_STRIP = NO;
				DEBUG_INFORMATION_FORMAT = dwarf;
				ENABLE_STRICT_OBJC_MSGSEND = YES;
				ENABLE_TESTABILITY = YES;
				GCC_C_LANGUAGE_STANDARD = gnu11;
				GCC_DYNAMIC_NO_PIC = NO;
				GCC_NO_COMMON_BLOCKS = YES;
				GCC_OPTIMIZATION_LEVEL = 0;
				GCC_PREPROCESSOR_DEFINITIONS = (
					"DEBUG=1",
					"$(inherited)",
				);
				GCC_WARN_64_TO_32_BIT_CONVERSION = YES;
				GCC_WARN_ABOUT_RETURN_TYPE = YES_ERROR;
				GCC_WARN_UNDECLARED_SELECTOR = YES;
				GCC_WARN_UNINITIALIZED_AUTOS = YES_AGGRESSIVE;
				GCC_WARN_UNUSED_FUNCTION = YES;
				GCC_WARN_UNUSED_VARIABLE = YES;
				MACOSX_DEPLOYMENT_TARGET = 10.13;
				MTL_ENABLE_DEBUG_INFO = INCLUDE_SOURCE;
				MTL_FAST_MATH = YES;
				ONLY_ACTIVE_ARCH = YES;
				SDKROOT = macosx;
				SWIFT_ACTIVE_COMPILATION_CONDITIONS = DEBUG;
				SWIFT_OPTIMIZATION_LEVEL = "-Onone";
			};
			name = Debug;
		};
		C0B5D588221A9CF30083B7EA /* Release */ = {
			isa = XCBuildConfiguration;
			buildSettings = {
				ALWAYS_SEARCH_USER_PATHS = NO;
				CLANG_ANALYZER_NONNULL = YES;
				CLANG_ANALYZER_NUMBER_OBJECT_CONVERSION = YES_AGGRESSIVE;
				CLANG_CXX_LANGUAGE_STANDARD = "gnu++14";
				CLANG_CXX_LIBRARY = "libc++";
				CLANG_ENABLE_MODULES = YES;
				CLANG_ENABLE_OBJC_ARC = YES;
				CLANG_ENABLE_OBJC_WEAK = YES;
				CLANG_WARN_BLOCK_CAPTURE_AUTORELEASING = YES;
				CLANG_WARN_BOOL_CONVERSION = YES;
				CLANG_WARN_COMMA = YES;
				CLANG_WARN_CONSTANT_CONVERSION = YES;
				CLANG_WARN_DEPRECATED_OBJC_IMPLEMENTATIONS = YES;
				CLANG_WARN_DIRECT_OBJC_ISA_USAGE = YES_ERROR;
				CLANG_WARN_DOCUMENTATION_COMMENTS = YES;
				CLANG_WARN_EMPTY_BODY = YES;
				CLANG_WARN_ENUM_CONVERSION = YES;
				CLANG_WARN_INFINITE_RECURSION = YES;
				CLANG_WARN_INT_CONVERSION = YES;
				CLANG_WARN_NON_LITERAL_NULL_CONVERSION = YES;
				CLANG_WARN_OBJC_IMPLICIT_RETAIN_SELF = YES;
				CLANG_WARN_OBJC_LITERAL_CONVERSION = YES;
				CLANG_WARN_OBJC_ROOT_CLASS = YES_ERROR;
				CLANG_WARN_RANGE_LOOP_ANALYSIS = YES;
				CLANG_WARN_STRICT_PROTOTYPES = YES;
				CLANG_WARN_SUSPICIOUS_MOVE = YES;
				CLANG_WARN_UNGUARDED_AVAILABILITY = YES_AGGRESSIVE;
				CLANG_WARN_UNREACHABLE_CODE = YES;
				CLANG_WARN__DUPLICATE_METHOD_MATCH = YES;
				CODE_SIGN_IDENTITY = "Mac Developer";
				COPY_PHASE_STRIP = NO;
				DEBUG_INFORMATION_FORMAT = "dwarf-with-dsym";
				ENABLE_NS_ASSERTIONS = NO;
				ENABLE_STRICT_OBJC_MSGSEND = YES;
				GCC_C_LANGUAGE_STANDARD = gnu11;
				GCC_NO_COMMON_BLOCKS = YES;
				GCC_WARN_64_TO_32_BIT_CONVERSION = YES;
				GCC_WARN_ABOUT_RETURN_TYPE = YES_ERROR;
				GCC_WARN_UNDECLARED_SELECTOR = YES;
				GCC_WARN_UNINITIALIZED_AUTOS = YES_AGGRESSIVE;
				GCC_WARN_UNUSED_FUNCTION = YES;
				GCC_WARN_UNUSED_VARIABLE = YES;
				MACOSX_DEPLOYMENT_TARGET = 10.13;
				MTL_ENABLE_DEBUG_INFO = NO;
				MTL_FAST_MATH = YES;
				SDKROOT = macosx;
				SWIFT_COMPILATION_MODE = wholemodule;
				SWIFT_OPTIMIZATION_LEVEL = "-O";
			};
			name = Release;
		};
		C0B5D58A221A9CF30083B7EA /* Debug */ = {
			isa = XCBuildConfiguration;
			buildSettings = {
				ASSETCATALOG_COMPILER_APPICON_NAME = AppIcon;
				CODE_SIGN_ENTITLEMENTS = "Font Viewer/Font_Viewer.entitlements";
				CODE_SIGN_STYLE = Automatic;
				COMBINE_HIDPI_IMAGES = YES;
				DEVELOPMENT_TEAM = YZP52RND5S;
				INFOPLIST_FILE = "Font Viewer/Info.plist";
				LD_RUNPATH_SEARCH_PATHS = (
					"$(inherited)",
					"@executable_path/../Frameworks",
				);
				PRODUCT_BUNDLE_IDENTIFIER = "com.appcoda.Font-Viewer";
				PRODUCT_NAME = "$(TARGET_NAME)";
				SWIFT_VERSION = 4.2;
			};
			name = Debug;
		};
		C0B5D58B221A9CF30083B7EA /* Release */ = {
			isa = XCBuildConfiguration;
			buildSettings = {
				ASSETCATALOG_COMPILER_APPICON_NAME = AppIcon;
				CODE_SIGN_ENTITLEMENTS = "Font Viewer/Font_Viewer.entitlements";
				CODE_SIGN_STYLE = Automatic;
				COMBINE_HIDPI_IMAGES = YES;
				DEVELOPMENT_TEAM = YZP52RND5S;
				INFOPLIST_FILE = "Font Viewer/Info.plist";
				LD_RUNPATH_SEARCH_PATHS = (
					"$(inherited)",
					"@executable_path/../Frameworks",
				);
				PRODUCT_BUNDLE_IDENTIFIER = "com.appcoda.Font-Viewer";
				PRODUCT_NAME = "$(TARGET_NAME)";
				SWIFT_VERSION = 4.2;
			};
			name = Release;
		};
/* End XCBuildConfiguration section */

/* Begin XCConfigurationList section */
		C0B5D574221A9CF00083B7EA /* Build configuration list for PBXProject "Font Viewer" */ = {
			isa = XCConfigurationList;
			buildConfigurations = (
				C0B5D587221A9CF30083B7EA /* Debug */,
				C0B5D588221A9CF30083B7EA /* Release */,
			);
			defaultConfigurationIsVisible = 0;
			defaultConfigurationName = Release;
		};
		C0B5D589221A9CF30083B7EA /* Build configuration list for PBXNativeTarget "Font Viewer" */ = {
			isa = XCConfigurationList;
			buildConfigurations = (
				C0B5D58A221A9CF30083B7EA /* Debug */,
				C0B5D58B221A9CF30083B7EA /* Release */,
			);
			defaultConfigurationIsVisible = 0;
			defaultConfigurationName = Release;
		};
/* End XCConfigurationList section */
	};
	rootObject = C0B5D571221A9CF00083B7EA /* Project object */;
}
